// !$*UTF8*$!
{
	archiveVersion = 1;
	classes = {
	};
	objectVersion = 46;
	objects = {

/* Begin PBXBuildFile section */
		7799210C1AFFADB900B0F100 /* Circuit.cpp in Sources */ = {isa = PBXBuildFile; fileRef = 7799210A1AFFADB900B0F100 /* Circuit.cpp */; };
		7799210F1AFFC12300B0F100 /* wire.cpp in Sources */ = {isa = PBXBuildFile; fileRef = 7799210D1AFFC12300B0F100 /* wire.cpp */; };
		779921181B00CD7300B0F100 /* gate.cpp in Sources */ = {isa = PBXBuildFile; fileRef = 779921161B00CD7300B0F100 /* gate.cpp */; };
		77CEFCA71B064ECA000EC28F /* Edge.cpp in Sources */ = {isa = PBXBuildFile; fileRef = 77CEFCA51B064ECA000EC28F /* Edge.cpp */; };
		77D4C3FD1B0FB4660008D12F /* STA.cpp in Sources */ = {isa = PBXBuildFile; fileRef = 77D4C3FC1B0FB4660008D12F /* STA.cpp */; };
		77E7FEF61AFDDB5D00D716B2 /* main.cpp in Sources */ = {isa = PBXBuildFile; fileRef = 77E7FEF51AFDDB5D00D716B2 /* main.cpp */; };
/* End PBXBuildFile section */

/* Begin PBXCopyFilesBuildPhase section */
		77E7FEF01AFDDB5D00D716B2 /* CopyFiles */ = {
			isa = PBXCopyFilesBuildPhase;
			buildActionMask = 2147483647;
			dstPath = /usr/share/man/man1/;
			dstSubfolderSpec = 0;
			files = (
			);
			runOnlyForDeploymentPostprocessing = 1;
		};
/* End PBXCopyFilesBuildPhase section */

/* Begin PBXFileReference section */
		7799210A1AFFADB900B0F100 /* Circuit.cpp */ = {isa = PBXFileReference; fileEncoding = 4; lastKnownFileType = sourcecode.cpp.cpp; path = Circuit.cpp; sourceTree = "<group>"; };
		7799210B1AFFADB900B0F100 /* Circuit.h */ = {isa = PBXFileReference; fileEncoding = 4; lastKnownFileType = sourcecode.c.h; path = Circuit.h; sourceTree = "<group>"; };
		7799210D1AFFC12300B0F100 /* wire.cpp */ = {isa = PBXFileReference; fileEncoding = 4; lastKnownFileType = sourcecode.cpp.cpp; path = wire.cpp; sourceTree = "<group>"; };
		7799210E1AFFC12300B0F100 /* wire.h */ = {isa = PBXFileReference; fileEncoding = 4; lastKnownFileType = sourcecode.c.h; path = wire.h; sourceTree = "<group>"; };
		779921161B00CD7300B0F100 /* gate.cpp */ = {isa = PBXFileReference; fileEncoding = 4; lastKnownFileType = sourcecode.cpp.cpp; path = gate.cpp; sourceTree = "<group>"; };
		779921171B00CD7300B0F100 /* gate.h */ = {isa = PBXFileReference; fileEncoding = 4; lastKnownFileType = sourcecode.c.h; path = gate.h; sourceTree = "<group>"; };
		77CEFCA51B064ECA000EC28F /* Edge.cpp */ = {isa = PBXFileReference; fileEncoding = 4; lastKnownFileType = sourcecode.cpp.cpp; path = Edge.cpp; sourceTree = "<group>"; };
		77CEFCA61B064ECA000EC28F /* Edge.h */ = {isa = PBXFileReference; fileEncoding = 4; lastKnownFileType = sourcecode.c.h; path = Edge.h; sourceTree = "<group>"; };
		77D4C3FC1B0FB4660008D12F /* STA.cpp */ = {isa = PBXFileReference; fileEncoding = 4; lastKnownFileType = sourcecode.cpp.cpp; path = STA.cpp; sourceTree = "<group>"; wrapsLines = 1; };
		77E7FEF21AFDDB5D00D716B2 /* VParser */ = {isa = PBXFileReference; explicitFileType = "compiled.mach-o.executable"; includeInIndex = 0; path = VParser; sourceTree = BUILT_PRODUCTS_DIR; };
		77E7FEF51AFDDB5D00D716B2 /* main.cpp */ = {isa = PBXFileReference; lastKnownFileType = sourcecode.cpp.cpp; path = main.cpp; sourceTree = "<group>"; };
/* End PBXFileReference section */

/* Begin PBXFrameworksBuildPhase section */
		77E7FEEF1AFDDB5D00D716B2 /* Frameworks */ = {
			isa = PBXFrameworksBuildPhase;
			buildActionMask = 2147483647;
			files = (
			);
			runOnlyForDeploymentPostprocessing = 0;
		};
/* End PBXFrameworksBuildPhase section */

/* Begin PBXGroup section */
		77E7FEE91AFDDB5D00D716B2 = {
			isa = PBXGroup;
			children = (
				77E7FEF41AFDDB5D00D716B2 /* VParser */,
				77E7FEF31AFDDB5D00D716B2 /* Products */,
			);
			sourceTree = "<group>";
		};
		77E7FEF31AFDDB5D00D716B2 /* Products */ = {
			isa = PBXGroup;
			children = (
				77E7FEF21AFDDB5D00D716B2 /* VParser */,
			);
			name = Products;
			sourceTree = "<group>";
		};
		77E7FEF41AFDDB5D00D716B2 /* VParser */ = {
			isa = PBXGroup;
			children = (
				77D4C3FC1B0FB4660008D12F /* STA.cpp */,
				77E7FEF51AFDDB5D00D716B2 /* main.cpp */,
				7799210A1AFFADB900B0F100 /* Circuit.cpp */,
				7799210B1AFFADB900B0F100 /* Circuit.h */,
				7799210D1AFFC12300B0F100 /* wire.cpp */,
				7799210E1AFFC12300B0F100 /* wire.h */,
				779921161B00CD7300B0F100 /* gate.cpp */,
				779921171B00CD7300B0F100 /* gate.h */,
				77CEFCA51B064ECA000EC28F /* Edge.cpp */,
				77CEFCA61B064ECA000EC28F /* Edge.h */,
			);
			path = VParser;
			sourceTree = "<group>";
		};
/* End PBXGroup section */

/* Begin PBXNativeTarget section */
		77E7FEF11AFDDB5D00D716B2 /* VParser */ = {
			isa = PBXNativeTarget;
			buildConfigurationList = 77E7FEF91AFDDB5D00D716B2 /* Build configuration list for PBXNativeTarget "VParser" */;
			buildPhases = (
				77E7FEEE1AFDDB5D00D716B2 /* Sources */,
				77E7FEEF1AFDDB5D00D716B2 /* Frameworks */,
				77E7FEF01AFDDB5D00D716B2 /* CopyFiles */,
			);
			buildRules = (
			);
			dependencies = (
			);
			name = VParser;
			productName = VParser;
			productReference = 77E7FEF21AFDDB5D00D716B2 /* VParser */;
			productType = "com.apple.product-type.tool";
		};
/* End PBXNativeTarget section */

/* Begin PBXProject section */
		77E7FEEA1AFDDB5D00D716B2 /* Project object */ = {
			isa = PBXProject;
			attributes = {
				LastUpgradeCheck = 0630;
				ORGANIZATIONNAME = "Mahmoud Khodary";
				TargetAttributes = {
					77E7FEF11AFDDB5D00D716B2 = {
						CreatedOnToolsVersion = 6.3.1;
					};
				};
			};
			buildConfigurationList = 77E7FEED1AFDDB5D00D716B2 /* Build configuration list for PBXProject "VParser" */;
			compatibilityVersion = "Xcode 3.2";
			developmentRegion = English;
			hasScannedForEncodings = 0;
			knownRegions = (
				en,
			);
			mainGroup = 77E7FEE91AFDDB5D00D716B2;
			productRefGroup = 77E7FEF31AFDDB5D00D716B2 /* Products */;
			projectDirPath = "";
			projectRoot = "";
			targets = (
				77E7FEF11AFDDB5D00D716B2 /* VParser */,
			);
		};
/* End PBXProject section */

/* Begin PBXSourcesBuildPhase section */
		77E7FEEE1AFDDB5D00D716B2 /* Sources */ = {
			isa = PBXSourcesBuildPhase;
			buildActionMask = 2147483647;
			files = (
				77E7FEF61AFDDB5D00D716B2 /* main.cpp in Sources */,
				779921181B00CD7300B0F100 /* gate.cpp in Sources */,
				7799210F1AFFC12300B0F100 /* wire.cpp in Sources */,
				7799210C1AFFADB900B0F100 /* Circuit.cpp in Sources */,
				77CEFCA71B064ECA000EC28F /* Edge.cpp in Sources */,
				77D4C3FD1B0FB4660008D12F /* STA.cpp in Sources */,
			);
			runOnlyForDeploymentPostprocessing = 0;
		};
/* End PBXSourcesBuildPhase section */

/* Begin XCBuildConfiguration section */
		77E7FEF71AFDDB5D00D716B2 /* Debug */ = {
			isa = XCBuildConfiguration;
			buildSettings = {
				ALWAYS_SEARCH_USER_PATHS = NO;
				CLANG_CXX_LANGUAGE_STANDARD = "gnu++0x";
				CLANG_CXX_LIBRARY = "libc++";
				CLANG_ENABLE_MODULES = YES;
				CLANG_ENABLE_OBJC_ARC = YES;
				CLANG_WARN_BOOL_CONVERSION = YES;
				CLANG_WARN_CONSTANT_CONVERSION = YES;
				CLANG_WARN_DIRECT_OBJC_ISA_USAGE = YES_ERROR;
				CLANG_WARN_EMPTY_BODY = YES;
				CLANG_WARN_ENUM_CONVERSION = YES;
				CLANG_WARN_INT_CONVERSION = YES;
				CLANG_WARN_OBJC_ROOT_CLASS = YES_ERROR;
				CLANG_WARN_UNREACHABLE_CODE = YES;
				CLANG_WARN__DUPLICATE_METHOD_MATCH = YES;
				COPY_PHASE_STRIP = NO;
				DEBUG_INFORMATION_FORMAT = dwarf;
				ENABLE_STRICT_OBJC_MSGSEND = YES;
				GCC_C_LANGUAGE_STANDARD = gnu99;
				GCC_DYNAMIC_NO_PIC = NO;
				GCC_NO_COMMON_BLOCKS = YES;
				GCC_OPTIMIZATION_LEVEL = 0;
				GCC_PREPROCESSOR_DEFINITIONS = (
					"DEBUG=1",
					"$(inherited)",
				);
				GCC_SYMBOLS_PRIVATE_EXTERN = NO;
				GCC_WARN_64_TO_32_BIT_CONVERSION = YES;
				GCC_WARN_ABOUT_RETURN_TYPE = YES_ERROR;
				GCC_WARN_UNDECLARED_SELECTOR = YES;
				GCC_WARN_UNINITIALIZED_AUTOS = YES_AGGRESSIVE;
				GCC_WARN_UNUSED_FUNCTION = YES;
				GCC_WARN_UNUSED_VARIABLE = YES;
				MACOSX_DEPLOYMENT_TARGET = 10.10;
				MTL_ENABLE_DEBUG_INFO = YES;
				ONLY_ACTIVE_ARCH = YES;
				SDKROOT = macosx;
			};
			name = Debug;
		};
		77E7FEF81AFDDB5D00D716B2 /* Release */ = {
			isa = XCBuildConfiguration;
			buildSettings = {
				ALWAYS_SEARCH_USER_PATHS = NO;
				CLANG_CXX_LANGUAGE_STANDARD = "gnu++0x";
				CLANG_CXX_LIBRARY = "libc++";
				CLANG_ENABLE_MODULES = YES;
				CLANG_ENABLE_OBJC_ARC = YES;
				CLANG_WARN_BOOL_CONVERSION = YES;
				CLANG_WARN_CONSTANT_CONVERSION = YES;
				CLANG_WARN_DIRECT_OBJC_ISA_USAGE = YES_ERROR;
				CLANG_WARN_EMPTY_BODY = YES;
				CLANG_WARN_ENUM_CONVERSION = YES;
				CLANG_WARN_INT_CONVERSION = YES;
				CLANG_WARN_OBJC_ROOT_CLASS = YES_ERROR;
				CLANG_WARN_UNREACHABLE_CODE = YES;
				CLANG_WARN__DUPLICATE_METHOD_MATCH = YES;
				COPY_PHASE_STRIP = NO;
				DEBUG_INFORMATION_FORMAT = "dwarf-with-dsym";
				ENABLE_NS_ASSERTIONS = NO;
				ENABLE_STRICT_OBJC_MSGSEND = YES;
				GCC_C_LANGUAGE_STANDARD = gnu99;
				GCC_NO_COMMON_BLOCKS = YES;
				GCC_WARN_64_TO_32_BIT_CONVERSION = YES;
				GCC_WARN_ABOUT_RETURN_TYPE = YES_ERROR;
				GCC_WARN_UNDECLARED_SELECTOR = YES;
				GCC_WARN_UNINITIALIZED_AUTOS = YES_AGGRESSIVE;
				GCC_WARN_UNUSED_FUNCTION = YES;
				GCC_WARN_UNUSED_VARIABLE = YES;
				MACOSX_DEPLOYMENT_TARGET = 10.10;
				MTL_ENABLE_DEBUG_INFO = NO;
				SDKROOT = macosx;
			};
			name = Release;
		};
		77E7FEFA1AFDDB5D00D716B2 /* Debug */ = {
			isa = XCBuildConfiguration;
			buildSettings = {
				PRODUCT_NAME = "$(TARGET_NAME)";
			};
			name = Debug;
		};
		77E7FEFB1AFDDB5D00D716B2 /* Release */ = {
			isa = XCBuildConfiguration;
			buildSettings = {
				PRODUCT_NAME = "$(TARGET_NAME)";
			};
			name = Release;
		};
/* End XCBuildConfiguration section */

/* Begin XCConfigurationList section */
		77E7FEED1AFDDB5D00D716B2 /* Build configuration list for PBXProject "VParser" */ = {
			isa = XCConfigurationList;
			buildConfigurations = (
				77E7FEF71AFDDB5D00D716B2 /* Debug */,
				77E7FEF81AFDDB5D00D716B2 /* Release */,
			);
			defaultConfigurationIsVisible = 0;
			defaultConfigurationName = Release;
		};
		77E7FEF91AFDDB5D00D716B2 /* Build configuration list for PBXNativeTarget "VParser" */ = {
			isa = XCConfigurationList;
			buildConfigurations = (
				77E7FEFA1AFDDB5D00D716B2 /* Debug */,
				77E7FEFB1AFDDB5D00D716B2 /* Release */,
			);
			defaultConfigurationIsVisible = 0;
			defaultConfigurationName = Release;
		};
/* End XCConfigurationList section */
	};
	rootObject = 77E7FEEA1AFDDB5D00D716B2 /* Project object */;
}
